
Microsoft Visual Studio Solution File, Format Version 12.00
# Visual Studio Version 16
VisualStudioVersion = 16.0.31410.357
MinimumVisualStudioVersion = 10.0.40219.1
Project("{FAE04EC0-301F-11D3-BF4B-00C04F79EFBC}") = "WebApplication2", "WebApplication2\WebApplication2.csproj", "{9C31D756-8080-4E1B-9BF1-3EFCD19E6338}"
EndProject
Global
	GlobalSection(SolutionConfigurationPlatforms) = preSolution
		Debug|Any CPU = Debug|Any CPU
		Release|Any CPU = Release|Any CPU
	EndGlobalSection
	GlobalSection(ProjectConfigurationPlatforms) = postSolution
		{9C31D756-8080-4E1B-9BF1-3EFCD19E6338}.Debug|Any CPU.ActiveCfg = Debug|Any CPU
		{9C31D756-8080-4E1B-9BF1-3EFCD19E6338}.Debug|Any CPU.Build.0 = Debug|Any CPU
		{9C31D756-8080-4E1B-9BF1-3EFCD19E6338}.Release|Any CPU.ActiveCfg = Release|Any CPU
		{9C31D756-8080-4E1B-9BF1-3EFCD19E6338}.Release|Any CPU.Build.0 = Release|Any CPU
	EndGlobalSection
	GlobalSection(SolutionProperties) = preSolution
		HideSolutionNode = FALSE
	EndGlobalSection
	GlobalSection(ExtensibilityGlobals) = postSolution
		SolutionGuid = {4FBDB25C-70F4-47FB-91B1-A51D5DA931F6}
	EndGlobalSection
EndGlobal
